
Microsoft Visual Studio Solution File, Format Version 12.00
# Visual Studio Version 17
VisualStudioVersion = 17.0.31903.59
MinimumVisualStudioVersion = 10.0.40219.1
Project("{2150E333-8FDC-42A3-9474-1A3956D46DE8}") = "WpfApp", "WpfApp", "{CB02E7B1-A6E8-4722-92F9-2F2BAB4DF124}"
EndProject
Project("{FAE04EC0-301F-11D3-BF4B-00C04F79EFBC}") = "DecorationProjectScheduler.App", "WpfApp\DecorationProjectScheduler.App\DecorationProjectScheduler.App.csproj", "{CD0F98C7-9BC7-48F6-A1C0-D2A354F3955B}"
EndProject
Global
	GlobalSection(SolutionConfigurationPlatforms) = preSolution
		Debug|Any CPU = Debug|Any CPU
		Release|Any CPU = Release|Any CPU
	EndGlobalSection
	GlobalSection(SolutionProperties) = preSolution
		HideSolutionNode = FALSE
	EndGlobalSection
	GlobalSection(ProjectConfigurationPlatforms) = postSolution
		{CD0F98C7-9BC7-48F6-A1C0-D2A354F3955B}.Debug|Any CPU.ActiveCfg = Debug|Any CPU
		{CD0F98C7-9BC7-48F6-A1C0-D2A354F3955B}.Debug|Any CPU.Build.0 = Debug|Any CPU
		{CD0F98C7-9BC7-48F6-A1C0-D2A354F3955B}.Release|Any CPU.ActiveCfg = Release|Any CPU
		{CD0F98C7-9BC7-48F6-A1C0-D2A354F3955B}.Release|Any CPU.Build.0 = Release|Any CPU
	EndGlobalSection
	GlobalSection(NestedProjects) = preSolution
		{CD0F98C7-9BC7-48F6-A1C0-D2A354F3955B} = {CB02E7B1-A6E8-4722-92F9-2F2BAB4DF124}
	EndGlobalSection
EndGlobal
